
Microsoft Visual Studio Solution File, Format Version 12.00
# Visual Studio Version 17
VisualStudioVersion = 17.0.31808.319
MinimumVisualStudioVersion = 10.0.40219.1
Project("{9A19103F-16F7-4668-BE54-9A1E7A4F7556}") = "AluraMovies", "AluraMovies\AluraMovies.csproj", "{4368B016-2C5C-4EF6-8EAB-64B984267EAC}"
EndProject
Project("{FAE04EC0-301F-11D3-BF4B-00C04F79EFBC}") = "AluraAuth", "AluraAuth\AluraAuth.csproj", "{74F47D64-23E4-4A98-9A43-781D9E3BE6C1}"
EndProject
Global
	GlobalSection(SolutionConfigurationPlatforms) = preSolution
		Debug|Any CPU = Debug|Any CPU
		Release|Any CPU = Release|Any CPU
	EndGlobalSection
	GlobalSection(ProjectConfigurationPlatforms) = postSolution
		{4368B016-2C5C-4EF6-8EAB-64B984267EAC}.Debug|Any CPU.ActiveCfg = Debug|Any CPU
		{4368B016-2C5C-4EF6-8EAB-64B984267EAC}.Debug|Any CPU.Build.0 = Debug|Any CPU
		{4368B016-2C5C-4EF6-8EAB-64B984267EAC}.Release|Any CPU.ActiveCfg = Release|Any CPU
		{4368B016-2C5C-4EF6-8EAB-64B984267EAC}.Release|Any CPU.Build.0 = Release|Any CPU
		{74F47D64-23E4-4A98-9A43-781D9E3BE6C1}.Debug|Any CPU.ActiveCfg = Debug|Any CPU
		{74F47D64-23E4-4A98-9A43-781D9E3BE6C1}.Debug|Any CPU.Build.0 = Debug|Any CPU
		{74F47D64-23E4-4A98-9A43-781D9E3BE6C1}.Release|Any CPU.ActiveCfg = Release|Any CPU
		{74F47D64-23E4-4A98-9A43-781D9E3BE6C1}.Release|Any CPU.Build.0 = Release|Any CPU
	EndGlobalSection
	GlobalSection(SolutionProperties) = preSolution
		HideSolutionNode = FALSE
	EndGlobalSection
	GlobalSection(ExtensibilityGlobals) = postSolution
		SolutionGuid = {61D3DD84-4B96-4EC0-9C93-934ECF69FC20}
	EndGlobalSection
EndGlobal
