
Microsoft Visual Studio Solution File, Format Version 12.00
# Visual Studio Version 17
VisualStudioVersion = 17.0.31612.314
MinimumVisualStudioVersion = 10.0.40219.1
Project("{FAE04EC0-301F-11D3-BF4B-00C04F79EFBC}") = "HelloWorld", "HelloWorld\HelloWorld.csproj", "{DC3DE982-3A57-470F-A75A-34912A1373CD}"
EndProject
Global
	GlobalSection(SolutionConfigurationPlatforms) = preSolution
		Debug|Any CPU = Debug|Any CPU
		Release|Any CPU = Release|Any CPU
	EndGlobalSection
	GlobalSection(ProjectConfigurationPlatforms) = postSolution
		{DC3DE982-3A57-470F-A75A-34912A1373CD}.Debug|Any CPU.ActiveCfg = Debug|Any CPU
		{DC3DE982-3A57-470F-A75A-34912A1373CD}.Debug|Any CPU.Build.0 = Debug|Any CPU
		{DC3DE982-3A57-470F-A75A-34912A1373CD}.Release|Any CPU.ActiveCfg = Release|Any CPU
		{DC3DE982-3A57-470F-A75A-34912A1373CD}.Release|Any CPU.Build.0 = Release|Any CPU
	EndGlobalSection
	GlobalSection(SolutionProperties) = preSolution
		HideSolutionNode = FALSE
	EndGlobalSection
	GlobalSection(ExtensibilityGlobals) = postSolution
		SolutionGuid = {76A64110-2D5E-4BDF-B022-D267F774B3D5}
	EndGlobalSection
EndGlobal
