
Microsoft Visual Studio Solution File, Format Version 12.00
# Visual Studio Version 17
VisualStudioVersion = 17.0.31612.314
MinimumVisualStudioVersion = 10.0.40219.1
Project("{FAE04EC0-301F-11D3-BF4B-00C04F79EFBC}") = "FirstProgram", "FirstProgram\FirstProgram.csproj", "{817E0FB7-A015-4CFA-91A3-472AF7D5EE7E}"
EndProject
Project("{FAE04EC0-301F-11D3-BF4B-00C04F79EFBC}") = "Variables", "Variables\Variables.csproj", "{CEB09AFE-BCDB-4D31-B580-C2509C1B36DB}"
EndProject
Project("{FAE04EC0-301F-11D3-BF4B-00C04F79EFBC}") = "DoubleVariables", "DoubleVariables\DoubleVariables.csproj", "{85DB819D-D06E-412A-A139-5CBB654340B6}"
EndProject
Project("{FAE04EC0-301F-11D3-BF4B-00C04F79EFBC}") = "Conversions", "Conversions\Conversions.csproj", "{D62B7CED-D12D-4A0E-8CA4-08A949FECA97}"
EndProject
Project("{FAE04EC0-301F-11D3-BF4B-00C04F79EFBC}") = "Texts", "Texts\Texts.csproj", "{B56882FB-88E6-43E1-907E-D19CA812BAE6}"
EndProject
Project("{FAE04EC0-301F-11D3-BF4B-00C04F79EFBC}") = "Assignments", "Assignments\Assignments.csproj", "{D6733B2D-AAE6-4926-8380-6F44993C4E58}"
EndProject
Project("{FAE04EC0-301F-11D3-BF4B-00C04F79EFBC}") = "Conditional", "Conditional\Conditional.csproj", "{91BD7257-E7C7-440F-A7E1-1CE3FA355955}"
EndProject
Project("{FAE04EC0-301F-11D3-BF4B-00C04F79EFBC}") = "Conditional2", "Conditional2\Conditional2.csproj", "{F35C5666-2683-4192-ABF3-5B5C283E5242}"
EndProject
Project("{FAE04EC0-301F-11D3-BF4B-00C04F79EFBC}") = "Scope", "Scope\Scope.csproj", "{20BDDA8F-7B76-45DD-9FF7-C7FC820EF94F}"
EndProject
Project("{FAE04EC0-301F-11D3-BF4B-00C04F79EFBC}") = "Switch", "Switch\Switch.csproj", "{AD55CAE8-6FF3-44EF-9677-99B3AE2BBF1B}"
EndProject
Project("{FAE04EC0-301F-11D3-BF4B-00C04F79EFBC}") = "InvestWithWhile", "Invest\InvestWithWhile.csproj", "{E60E92A8-0E11-4D47-AAF5-01E039AB87CF}"
EndProject
Project("{FAE04EC0-301F-11D3-BF4B-00C04F79EFBC}") = "InvestWithFor", "InvestWithFor\InvestWithFor.csproj", "{2CEDC8C7-8F94-486A-A3A5-85AC1976D48C}"
EndProject
Project("{FAE04EC0-301F-11D3-BF4B-00C04F79EFBC}") = "InvestWithNestedFor", "InvestWithNestedFor\InvestWithNestedFor.csproj", "{2D3E93E1-4C58-4160-9E5A-EA6148938ECD}"
EndProject
Global
	GlobalSection(SolutionConfigurationPlatforms) = preSolution
		Debug|Any CPU = Debug|Any CPU
		Release|Any CPU = Release|Any CPU
	EndGlobalSection
	GlobalSection(ProjectConfigurationPlatforms) = postSolution
		{817E0FB7-A015-4CFA-91A3-472AF7D5EE7E}.Debug|Any CPU.ActiveCfg = Debug|Any CPU
		{817E0FB7-A015-4CFA-91A3-472AF7D5EE7E}.Debug|Any CPU.Build.0 = Debug|Any CPU
		{817E0FB7-A015-4CFA-91A3-472AF7D5EE7E}.Release|Any CPU.ActiveCfg = Release|Any CPU
		{817E0FB7-A015-4CFA-91A3-472AF7D5EE7E}.Release|Any CPU.Build.0 = Release|Any CPU
		{CEB09AFE-BCDB-4D31-B580-C2509C1B36DB}.Debug|Any CPU.ActiveCfg = Debug|Any CPU
		{CEB09AFE-BCDB-4D31-B580-C2509C1B36DB}.Debug|Any CPU.Build.0 = Debug|Any CPU
		{CEB09AFE-BCDB-4D31-B580-C2509C1B36DB}.Release|Any CPU.ActiveCfg = Release|Any CPU
		{CEB09AFE-BCDB-4D31-B580-C2509C1B36DB}.Release|Any CPU.Build.0 = Release|Any CPU
		{85DB819D-D06E-412A-A139-5CBB654340B6}.Debug|Any CPU.ActiveCfg = Debug|Any CPU
		{85DB819D-D06E-412A-A139-5CBB654340B6}.Debug|Any CPU.Build.0 = Debug|Any CPU
		{85DB819D-D06E-412A-A139-5CBB654340B6}.Release|Any CPU.ActiveCfg = Release|Any CPU
		{85DB819D-D06E-412A-A139-5CBB654340B6}.Release|Any CPU.Build.0 = Release|Any CPU
		{D62B7CED-D12D-4A0E-8CA4-08A949FECA97}.Debug|Any CPU.ActiveCfg = Debug|Any CPU
		{D62B7CED-D12D-4A0E-8CA4-08A949FECA97}.Debug|Any CPU.Build.0 = Debug|Any CPU
		{D62B7CED-D12D-4A0E-8CA4-08A949FECA97}.Release|Any CPU.ActiveCfg = Release|Any CPU
		{D62B7CED-D12D-4A0E-8CA4-08A949FECA97}.Release|Any CPU.Build.0 = Release|Any CPU
		{B56882FB-88E6-43E1-907E-D19CA812BAE6}.Debug|Any CPU.ActiveCfg = Debug|Any CPU
		{B56882FB-88E6-43E1-907E-D19CA812BAE6}.Debug|Any CPU.Build.0 = Debug|Any CPU
		{B56882FB-88E6-43E1-907E-D19CA812BAE6}.Release|Any CPU.ActiveCfg = Release|Any CPU
		{B56882FB-88E6-43E1-907E-D19CA812BAE6}.Release|Any CPU.Build.0 = Release|Any CPU
		{D6733B2D-AAE6-4926-8380-6F44993C4E58}.Debug|Any CPU.ActiveCfg = Debug|Any CPU
		{D6733B2D-AAE6-4926-8380-6F44993C4E58}.Debug|Any CPU.Build.0 = Debug|Any CPU
		{D6733B2D-AAE6-4926-8380-6F44993C4E58}.Release|Any CPU.ActiveCfg = Release|Any CPU
		{D6733B2D-AAE6-4926-8380-6F44993C4E58}.Release|Any CPU.Build.0 = Release|Any CPU
		{91BD7257-E7C7-440F-A7E1-1CE3FA355955}.Debug|Any CPU.ActiveCfg = Debug|Any CPU
		{91BD7257-E7C7-440F-A7E1-1CE3FA355955}.Debug|Any CPU.Build.0 = Debug|Any CPU
		{91BD7257-E7C7-440F-A7E1-1CE3FA355955}.Release|Any CPU.ActiveCfg = Release|Any CPU
		{91BD7257-E7C7-440F-A7E1-1CE3FA355955}.Release|Any CPU.Build.0 = Release|Any CPU
		{F35C5666-2683-4192-ABF3-5B5C283E5242}.Debug|Any CPU.ActiveCfg = Debug|Any CPU
		{F35C5666-2683-4192-ABF3-5B5C283E5242}.Debug|Any CPU.Build.0 = Debug|Any CPU
		{F35C5666-2683-4192-ABF3-5B5C283E5242}.Release|Any CPU.ActiveCfg = Release|Any CPU
		{F35C5666-2683-4192-ABF3-5B5C283E5242}.Release|Any CPU.Build.0 = Release|Any CPU
		{20BDDA8F-7B76-45DD-9FF7-C7FC820EF94F}.Debug|Any CPU.ActiveCfg = Debug|Any CPU
		{20BDDA8F-7B76-45DD-9FF7-C7FC820EF94F}.Debug|Any CPU.Build.0 = Debug|Any CPU
		{20BDDA8F-7B76-45DD-9FF7-C7FC820EF94F}.Release|Any CPU.ActiveCfg = Release|Any CPU
		{20BDDA8F-7B76-45DD-9FF7-C7FC820EF94F}.Release|Any CPU.Build.0 = Release|Any CPU
		{AD55CAE8-6FF3-44EF-9677-99B3AE2BBF1B}.Debug|Any CPU.ActiveCfg = Debug|Any CPU
		{AD55CAE8-6FF3-44EF-9677-99B3AE2BBF1B}.Debug|Any CPU.Build.0 = Debug|Any CPU
		{AD55CAE8-6FF3-44EF-9677-99B3AE2BBF1B}.Release|Any CPU.ActiveCfg = Release|Any CPU
		{AD55CAE8-6FF3-44EF-9677-99B3AE2BBF1B}.Release|Any CPU.Build.0 = Release|Any CPU
		{E60E92A8-0E11-4D47-AAF5-01E039AB87CF}.Debug|Any CPU.ActiveCfg = Debug|Any CPU
		{E60E92A8-0E11-4D47-AAF5-01E039AB87CF}.Debug|Any CPU.Build.0 = Debug|Any CPU
		{E60E92A8-0E11-4D47-AAF5-01E039AB87CF}.Release|Any CPU.ActiveCfg = Release|Any CPU
		{E60E92A8-0E11-4D47-AAF5-01E039AB87CF}.Release|Any CPU.Build.0 = Release|Any CPU
		{2CEDC8C7-8F94-486A-A3A5-85AC1976D48C}.Debug|Any CPU.ActiveCfg = Debug|Any CPU
		{2CEDC8C7-8F94-486A-A3A5-85AC1976D48C}.Debug|Any CPU.Build.0 = Debug|Any CPU
		{2CEDC8C7-8F94-486A-A3A5-85AC1976D48C}.Release|Any CPU.ActiveCfg = Release|Any CPU
		{2CEDC8C7-8F94-486A-A3A5-85AC1976D48C}.Release|Any CPU.Build.0 = Release|Any CPU
		{2D3E93E1-4C58-4160-9E5A-EA6148938ECD}.Debug|Any CPU.ActiveCfg = Debug|Any CPU
		{2D3E93E1-4C58-4160-9E5A-EA6148938ECD}.Debug|Any CPU.Build.0 = Debug|Any CPU
		{2D3E93E1-4C58-4160-9E5A-EA6148938ECD}.Release|Any CPU.ActiveCfg = Release|Any CPU
		{2D3E93E1-4C58-4160-9E5A-EA6148938ECD}.Release|Any CPU.Build.0 = Release|Any CPU
	EndGlobalSection
	GlobalSection(SolutionProperties) = preSolution
		HideSolutionNode = FALSE
	EndGlobalSection
	GlobalSection(ExtensibilityGlobals) = postSolution
		SolutionGuid = {479B341D-636D-49D8-957C-22BC23791F65}
	EndGlobalSection
EndGlobal
